<?xml version="1.0" encoding="utf-8"?>
<Project ToolsVersion="4.0" xmlns="http://schemas.microsoft.com/developer/msbuild/2003">
  <ItemGroup>
    <Filter Include="Source Files">
      <UniqueIdentifier>{144f0ab1-39f4-4a1a-9a0e-e8c8864dc196}</UniqueIdentifier>
      <Extensions>cpp;c;cxx;rc;def;r;odl;idl;hpj;bat;for;f90</Extensions>
    </Filter>
    <Filter Include="Header Files">
      <UniqueIdentifier>{7a1296ee-bb9c-415d-bdd6-02483de34ce8}</UniqueIdentifier>
      <Extensions>h;hpp;hxx;hm;inl;fi;fd</Extensions>
    </Filter>
  </ItemGroup>
  <ItemGroup>
    <ClCompile Include="../src/bot.cpp">
      <Filter>Source Files</Filter>
    </ClCompile>
    <ClCompile Include="../src/bot_chat.cpp">
      <Filter>Source Files</Filter>
    </ClCompile>
    <ClCompile Include="../src/bot_client.cpp">
      <Filter>Source Files</Filter>
    </ClCompile>
    <ClCompile Include="../src/bot_combat.cpp">
      <Filter>Source Files</Filter>
    </ClCompile>
    <ClCompile Include="../src/bot_globals.cpp">
      <Filter>Source Files</Filter>
    </ClCompile>
    <ClCompile Include="../src/bot_sounds.cpp">
      <Filter>Source Files</Filter>
    </ClCompile>
    <ClCompile Include="../src/compress.cpp">
      <Filter>Source Files</Filter>
    </ClCompile>
    <ClCompile Include="../src/dll.cpp">
      <Filter>Source Files</Filter>
    </ClCompile>
    <ClCompile Include="../src/engine.cpp">
      <Filter>Source Files</Filter>
    </ClCompile>
    <ClCompile Include="../src/h_export.cpp">
      <Filter>Source Files</Filter>
    </ClCompile>
    <ClCompile Include="../src/linkfunc.cpp">
      <Filter>Source Files</Filter>
    </ClCompile>
    <ClCompile Include="../src/util.cpp">
      <Filter>Source Files</Filter>
    </ClCompile>
    <ClCompile Include="../src/waypoint.cpp">
      <Filter>Source Files</Filter>
    </ClCompile>
  </ItemGroup>
  <ItemGroup>
    <ClInclude Include="../src/bot.h">
      <Filter>Header Files</Filter>
    </ClInclude>
    <ClInclude Include="../src/bot_chat.h">
      <Filter>Header Files</Filter>
    </ClInclude>
    <ClInclude Include="../src/bot_client.h">
      <Filter>Header Files</Filter>
    </ClInclude>
    <ClInclude Include="../src/bot_globals.h">
      <Filter>Header Files</Filter>
    </ClInclude>
    <ClInclude Include="../src/bot_sounds.h">
      <Filter>Header Files</Filter>
    </ClInclude>
    <ClInclude Include="../src/bot_weapons.h">
      <Filter>Header Files</Filter>
    </ClInclude>
    <ClInclude Include="../src/waypoint.h">
      <Filter>Header Files</Filter>
    </ClInclude>
  </ItemGroup>
</Project>